
Microsoft Visual Studio Solution File, Format Version 12.00
# Visual Studio Version 17
VisualStudioVersion = 17.12.35707.178
MinimumVisualStudioVersion = 10.0.40219.1
Project("{FAE04EC0-301F-11D3-BF4B-00C04F79EFBC}") = "CinemaApp", "CinemaApp\CinemaApp.csproj", "{412D5D10-85BC-40C7-8D44-AF2BEB6C9A61}"
EndProject
Project("{FAE04EC0-301F-11D3-BF4B-00C04F79EFBC}") = "CinemaApp_AuthTests", "CinemaApp_AuthTests\CinemaApp_AuthTests.csproj", "{E2D3267D-A1E7-42DF-8B72-7255F500A4C2}"
EndProject
Global
	GlobalSection(SolutionConfigurationPlatforms) = preSolution
		Debug|Any CPU = Debug|Any CPU
		Release|Any CPU = Release|Any CPU
	EndGlobalSection
	GlobalSection(ProjectConfigurationPlatforms) = postSolution
		{412D5D10-85BC-40C7-8D44-AF2BEB6C9A61}.Debug|Any CPU.ActiveCfg = Debug|Any CPU
		{412D5D10-85BC-40C7-8D44-AF2BEB6C9A61}.Debug|Any CPU.Build.0 = Debug|Any CPU
		{412D5D10-85BC-40C7-8D44-AF2BEB6C9A61}.Release|Any CPU.ActiveCfg = Release|Any CPU
		{412D5D10-85BC-40C7-8D44-AF2BEB6C9A61}.Release|Any CPU.Build.0 = Release|Any CPU
		{E2D3267D-A1E7-42DF-8B72-7255F500A4C2}.Debug|Any CPU.ActiveCfg = Debug|Any CPU
		{E2D3267D-A1E7-42DF-8B72-7255F500A4C2}.Debug|Any CPU.Build.0 = Debug|Any CPU
		{E2D3267D-A1E7-42DF-8B72-7255F500A4C2}.Release|Any CPU.ActiveCfg = Release|Any CPU
		{E2D3267D-A1E7-42DF-8B72-7255F500A4C2}.Release|Any CPU.Build.0 = Release|Any CPU
	EndGlobalSection
	GlobalSection(SolutionProperties) = preSolution
		HideSolutionNode = FALSE
	EndGlobalSection
EndGlobal
